
Microsoft Visual Studio Solution File, Format Version 12.00
# Visual Studio Version 17
VisualStudioVersion = 17.6.33829.357
MinimumVisualStudioVersion = 10.0.40219.1
Project("{FAE04EC0-301F-11D3-BF4B-00C04F79EFBC}") = "Kargootomasyon", "Kargootomasyon\Kargootomasyon.csproj", "{2DE01B35-35E6-445C-B1AC-8BE0200DA03E}"
EndProject
Project("{FAE04EC0-301F-11D3-BF4B-00C04F79EFBC}") = "BL", "BL\BL.csproj", "{800A102D-C4B3-418F-8625-EA76A9F99E47}"
EndProject
Project("{FAE04EC0-301F-11D3-BF4B-00C04F79EFBC}") = "DAL", "DAL\DAL.csproj", "{A0185543-C867-4E5B-A885-5CBA5C5229B8}"
EndProject
Global
	GlobalSection(SolutionConfigurationPlatforms) = preSolution
		Debug|Any CPU = Debug|Any CPU
		Release|Any CPU = Release|Any CPU
	EndGlobalSection
	GlobalSection(ProjectConfigurationPlatforms) = postSolution
		{2DE01B35-35E6-445C-B1AC-8BE0200DA03E}.Debug|Any CPU.ActiveCfg = Debug|Any CPU
		{2DE01B35-35E6-445C-B1AC-8BE0200DA03E}.Debug|Any CPU.Build.0 = Debug|Any CPU
		{2DE01B35-35E6-445C-B1AC-8BE0200DA03E}.Release|Any CPU.ActiveCfg = Release|Any CPU
		{2DE01B35-35E6-445C-B1AC-8BE0200DA03E}.Release|Any CPU.Build.0 = Release|Any CPU
		{800A102D-C4B3-418F-8625-EA76A9F99E47}.Debug|Any CPU.ActiveCfg = Debug|Any CPU
		{800A102D-C4B3-418F-8625-EA76A9F99E47}.Debug|Any CPU.Build.0 = Debug|Any CPU
		{800A102D-C4B3-418F-8625-EA76A9F99E47}.Release|Any CPU.ActiveCfg = Release|Any CPU
		{800A102D-C4B3-418F-8625-EA76A9F99E47}.Release|Any CPU.Build.0 = Release|Any CPU
		{A0185543-C867-4E5B-A885-5CBA5C5229B8}.Debug|Any CPU.ActiveCfg = Debug|Any CPU
		{A0185543-C867-4E5B-A885-5CBA5C5229B8}.Debug|Any CPU.Build.0 = Debug|Any CPU
		{A0185543-C867-4E5B-A885-5CBA5C5229B8}.Release|Any CPU.ActiveCfg = Release|Any CPU
		{A0185543-C867-4E5B-A885-5CBA5C5229B8}.Release|Any CPU.Build.0 = Release|Any CPU
	EndGlobalSection
	GlobalSection(SolutionProperties) = preSolution
		HideSolutionNode = FALSE
	EndGlobalSection
	GlobalSection(ExtensibilityGlobals) = postSolution
		SolutionGuid = {D6450711-8F41-4AC7-9EDC-2A8CE2CABCCA}
	EndGlobalSection
EndGlobal
